
Microsoft Visual Studio Solution File, Format Version 12.00
# Visual Studio Version 16
VisualStudioVersion = 16.0.31112.23
MinimumVisualStudioVersion = 10.0.40219.1
Project("{9A19103F-16F7-4668-BE54-9A1E7A4F7556}") = "DevIO.Api", "src\DevIO.Api\DevIO.Api.csproj", "{54BD8DC5-7D56-4E44-BB6E-FAF0E830E3F7}"
EndProject
Project("{9A19103F-16F7-4668-BE54-9A1E7A4F7556}") = "DevIO.Data", "src\DevIO.Data\DevIO.Data.csproj", "{4E4D4337-34F7-4348-97AC-5FDC20EFB59D}"
EndProject
Project("{9A19103F-16F7-4668-BE54-9A1E7A4F7556}") = "DevIO.Business", "src\DevIO.Business\DevIO.Business.csproj", "{099F89F4-72CB-400E-8D42-1247DB0974B9}"
EndProject
Global
	GlobalSection(SolutionConfigurationPlatforms) = preSolution
		Debug|Any CPU = Debug|Any CPU
		Release|Any CPU = Release|Any CPU
	EndGlobalSection
	GlobalSection(ProjectConfigurationPlatforms) = postSolution
		{54BD8DC5-7D56-4E44-BB6E-FAF0E830E3F7}.Debug|Any CPU.ActiveCfg = Debug|Any CPU
		{54BD8DC5-7D56-4E44-BB6E-FAF0E830E3F7}.Debug|Any CPU.Build.0 = Debug|Any CPU
		{54BD8DC5-7D56-4E44-BB6E-FAF0E830E3F7}.Release|Any CPU.ActiveCfg = Release|Any CPU
		{54BD8DC5-7D56-4E44-BB6E-FAF0E830E3F7}.Release|Any CPU.Build.0 = Release|Any CPU
		{4E4D4337-34F7-4348-97AC-5FDC20EFB59D}.Debug|Any CPU.ActiveCfg = Debug|Any CPU
		{4E4D4337-34F7-4348-97AC-5FDC20EFB59D}.Debug|Any CPU.Build.0 = Debug|Any CPU
		{4E4D4337-34F7-4348-97AC-5FDC20EFB59D}.Release|Any CPU.ActiveCfg = Release|Any CPU
		{4E4D4337-34F7-4348-97AC-5FDC20EFB59D}.Release|Any CPU.Build.0 = Release|Any CPU
		{099F89F4-72CB-400E-8D42-1247DB0974B9}.Debug|Any CPU.ActiveCfg = Debug|Any CPU
		{099F89F4-72CB-400E-8D42-1247DB0974B9}.Debug|Any CPU.Build.0 = Debug|Any CPU
		{099F89F4-72CB-400E-8D42-1247DB0974B9}.Release|Any CPU.ActiveCfg = Release|Any CPU
		{099F89F4-72CB-400E-8D42-1247DB0974B9}.Release|Any CPU.Build.0 = Release|Any CPU
	EndGlobalSection
	GlobalSection(SolutionProperties) = preSolution
		HideSolutionNode = FALSE
	EndGlobalSection
	GlobalSection(ExtensibilityGlobals) = postSolution
		SolutionGuid = {9FFB7C6E-5E38-4D61-B4B6-5E92B6637102}
	EndGlobalSection
EndGlobal
